
Microsoft Visual Studio Solution File, Format Version 12.00
# Visual Studio Version 17
VisualStudioVersion = 17.7.34031.279
MinimumVisualStudioVersion = 10.0.40219.1
Project("{FAE04EC0-301F-11D3-BF4B-00C04F79EFBC}") = "ViewDiagrams", "ViewDiagrams\ViewDiagrams.csproj", "{BBA1A361-923E-408C-AFE7-E67BD111204E}"
EndProject
Global
	GlobalSection(SolutionConfigurationPlatforms) = preSolution
		Debug|Any CPU = Debug|Any CPU
		Release|Any CPU = Release|Any CPU
	EndGlobalSection
	GlobalSection(ProjectConfigurationPlatforms) = postSolution
		{BBA1A361-923E-408C-AFE7-E67BD111204E}.Debug|Any CPU.ActiveCfg = Debug|Any CPU
		{BBA1A361-923E-408C-AFE7-E67BD111204E}.Debug|Any CPU.Build.0 = Debug|Any CPU
		{BBA1A361-923E-408C-AFE7-E67BD111204E}.Release|Any CPU.ActiveCfg = Release|Any CPU
		{BBA1A361-923E-408C-AFE7-E67BD111204E}.Release|Any CPU.Build.0 = Release|Any CPU
	EndGlobalSection
	GlobalSection(SolutionProperties) = preSolution
		HideSolutionNode = FALSE
	EndGlobalSection
	GlobalSection(ExtensibilityGlobals) = postSolution
		SolutionGuid = {FF56DA34-8BC0-48BF-AC6C-8797342BFE86}
	EndGlobalSection
EndGlobal
